
Microsoft Visual Studio Solution File, Format Version 12.00
# Visual Studio 15
VisualStudioVersion = 15.0.28010.2003
MinimumVisualStudioVersion = 10.0.40219.1
Project("{9A19103F-16F7-4668-BE54-9A1E7A4F7556}") = "BepuPhysics1Stuff", "BepuPhysics1Stuff\BepuPhysics1Stuff.csproj", "{419B5974-BD29-48D5-B6AD-E1B58AA69CD6}"
EndProject
Project("{9A19103F-16F7-4668-BE54-9A1E7A4F7556}") = "CodegenTests", "CodegenTests\CodegenTests.csproj", "{6C3A46C4-4D89-4207-9AF2-6E516A7CE034}"
EndProject
Project("{9A19103F-16F7-4668-BE54-9A1E7A4F7556}") = "GoingWide", "GoingWide\GoingWide.csproj", "{2FA3358F-5443-4334-AB97-0A2C3504689A}"
EndProject
Global
	GlobalSection(SolutionConfigurationPlatforms) = preSolution
		Debug|Any CPU = Debug|Any CPU
		Release|Any CPU = Release|Any CPU
		ReleaseStrip|Any CPU = ReleaseStrip|Any CPU
	EndGlobalSection
	GlobalSection(ProjectConfigurationPlatforms) = postSolution
		{419B5974-BD29-48D5-B6AD-E1B58AA69CD6}.Debug|Any CPU.ActiveCfg = Debug|Any CPU
		{419B5974-BD29-48D5-B6AD-E1B58AA69CD6}.Debug|Any CPU.Build.0 = Debug|Any CPU
		{419B5974-BD29-48D5-B6AD-E1B58AA69CD6}.Release|Any CPU.ActiveCfg = Release|Any CPU
		{419B5974-BD29-48D5-B6AD-E1B58AA69CD6}.Release|Any CPU.Build.0 = Release|Any CPU
		{419B5974-BD29-48D5-B6AD-E1B58AA69CD6}.ReleaseStrip|Any CPU.ActiveCfg = Release|Any CPU
		{419B5974-BD29-48D5-B6AD-E1B58AA69CD6}.ReleaseStrip|Any CPU.Build.0 = Release|Any CPU
		{6C3A46C4-4D89-4207-9AF2-6E516A7CE034}.Debug|Any CPU.ActiveCfg = Debug|Any CPU
		{6C3A46C4-4D89-4207-9AF2-6E516A7CE034}.Debug|Any CPU.Build.0 = Debug|Any CPU
		{6C3A46C4-4D89-4207-9AF2-6E516A7CE034}.Release|Any CPU.ActiveCfg = Release|Any CPU
		{6C3A46C4-4D89-4207-9AF2-6E516A7CE034}.Release|Any CPU.Build.0 = Release|Any CPU
		{6C3A46C4-4D89-4207-9AF2-6E516A7CE034}.ReleaseStrip|Any CPU.ActiveCfg = Release|Any CPU
		{6C3A46C4-4D89-4207-9AF2-6E516A7CE034}.ReleaseStrip|Any CPU.Build.0 = Release|Any CPU
		{2FA3358F-5443-4334-AB97-0A2C3504689A}.Debug|Any CPU.ActiveCfg = Debug|Any CPU
		{2FA3358F-5443-4334-AB97-0A2C3504689A}.Debug|Any CPU.Build.0 = Debug|Any CPU
		{2FA3358F-5443-4334-AB97-0A2C3504689A}.Release|Any CPU.ActiveCfg = Release|Any CPU
		{2FA3358F-5443-4334-AB97-0A2C3504689A}.Release|Any CPU.Build.0 = Release|Any CPU
		{2FA3358F-5443-4334-AB97-0A2C3504689A}.ReleaseStrip|Any CPU.ActiveCfg = ReleaseStrip|Any CPU
		{2FA3358F-5443-4334-AB97-0A2C3504689A}.ReleaseStrip|Any CPU.Build.0 = ReleaseStrip|Any CPU
	EndGlobalSection
	GlobalSection(SolutionProperties) = preSolution
		HideSolutionNode = FALSE
	EndGlobalSection
	GlobalSection(ExtensibilityGlobals) = postSolution
		SolutionGuid = {F9EDF58D-CB76-4D31-85C6-2081BCBFAD16}
	EndGlobalSection
EndGlobal
