
Microsoft Visual Studio Solution File, Format Version 12.00
# Visual Studio 14
VisualStudioVersion = 14.0.23107.0
MinimumVisualStudioVersion = 10.0.40219.1
Project("{FAE04EC0-301F-11D3-BF4B-00C04F79EFBC}") = "BEPUutilities", "BEPUutilities\BEPUutilities.csproj", "{8ECF1B4D-ED6E-4B3F-B54E-5EFF9C80EE5D}"
EndProject
Project("{FAE04EC0-301F-11D3-BF4B-00C04F79EFBC}") = "BEPUutilitiesTests", "BEPUutilitiesTests\BEPUutilitiesTests.csproj", "{2F4836FB-788F-4EA4-ACAE-7E63A1A971A7}"
EndProject
Global
	GlobalSection(SolutionConfigurationPlatforms) = preSolution
		Debug|Any CPU = Debug|Any CPU
		Debug|x86 = Debug|x86
		Release|Any CPU = Release|Any CPU
		Release|x86 = Release|x86
	EndGlobalSection
	GlobalSection(ProjectConfigurationPlatforms) = postSolution
		{8ECF1B4D-ED6E-4B3F-B54E-5EFF9C80EE5D}.Debug|Any CPU.ActiveCfg = Debug|Any CPU
		{8ECF1B4D-ED6E-4B3F-B54E-5EFF9C80EE5D}.Debug|Any CPU.Build.0 = Debug|Any CPU
		{8ECF1B4D-ED6E-4B3F-B54E-5EFF9C80EE5D}.Debug|x86.ActiveCfg = Debug|Any CPU
		{8ECF1B4D-ED6E-4B3F-B54E-5EFF9C80EE5D}.Debug|x86.Build.0 = Debug|Any CPU
		{8ECF1B4D-ED6E-4B3F-B54E-5EFF9C80EE5D}.Release|Any CPU.ActiveCfg = Release|Any CPU
		{8ECF1B4D-ED6E-4B3F-B54E-5EFF9C80EE5D}.Release|Any CPU.Build.0 = Release|Any CPU
		{8ECF1B4D-ED6E-4B3F-B54E-5EFF9C80EE5D}.Release|x86.ActiveCfg = Release|x86
		{8ECF1B4D-ED6E-4B3F-B54E-5EFF9C80EE5D}.Release|x86.Build.0 = Release|x86
		{2F4836FB-788F-4EA4-ACAE-7E63A1A971A7}.Debug|Any CPU.ActiveCfg = Debug|Any CPU
		{2F4836FB-788F-4EA4-ACAE-7E63A1A971A7}.Debug|Any CPU.Build.0 = Debug|Any CPU
		{2F4836FB-788F-4EA4-ACAE-7E63A1A971A7}.Debug|x86.ActiveCfg = Debug|Any CPU
		{2F4836FB-788F-4EA4-ACAE-7E63A1A971A7}.Debug|x86.Build.0 = Debug|Any CPU
		{2F4836FB-788F-4EA4-ACAE-7E63A1A971A7}.Release|Any CPU.ActiveCfg = Release|Any CPU
		{2F4836FB-788F-4EA4-ACAE-7E63A1A971A7}.Release|Any CPU.Build.0 = Release|Any CPU
		{2F4836FB-788F-4EA4-ACAE-7E63A1A971A7}.Release|x86.ActiveCfg = Release|x86
		{2F4836FB-788F-4EA4-ACAE-7E63A1A971A7}.Release|x86.Build.0 = Release|x86
	EndGlobalSection
	GlobalSection(SolutionProperties) = preSolution
		HideSolutionNode = FALSE
	EndGlobalSection
EndGlobal
