
Microsoft Visual Studio Solution File, Format Version 12.00
# Visual Studio 15
VisualStudioVersion = 15.0.26014.0
MinimumVisualStudioVersion = 10.0.40219.1
Project("{FAE04EC0-301F-11D3-BF4B-00C04F79EFBC}") = "SolverPrototypeTests", "SolverPrototypeTests\SolverPrototypeTests.csproj", "{780865AA-7B4C-46FA-97F7-AA27F3D5A914}"
EndProject
Project("{FAE04EC0-301F-11D3-BF4B-00C04F79EFBC}") = "SolverPrototype", "SolverPrototype\SolverPrototype.csproj", "{31795C54-28FA-4DD6-8036-7AA49EDDA482}"
EndProject
Global
	GlobalSection(SolutionConfigurationPlatforms) = preSolution
		Debug|Any CPU = Debug|Any CPU
		Release|Any CPU = Release|Any CPU
	EndGlobalSection
	GlobalSection(ProjectConfigurationPlatforms) = postSolution
		{780865AA-7B4C-46FA-97F7-AA27F3D5A914}.Debug|Any CPU.ActiveCfg = Debug|Any CPU
		{780865AA-7B4C-46FA-97F7-AA27F3D5A914}.Debug|Any CPU.Build.0 = Debug|Any CPU
		{780865AA-7B4C-46FA-97F7-AA27F3D5A914}.Release|Any CPU.ActiveCfg = Release|Any CPU
		{780865AA-7B4C-46FA-97F7-AA27F3D5A914}.Release|Any CPU.Build.0 = Release|Any CPU
		{31795C54-28FA-4DD6-8036-7AA49EDDA482}.Debug|Any CPU.ActiveCfg = Debug|Any CPU
		{31795C54-28FA-4DD6-8036-7AA49EDDA482}.Debug|Any CPU.Build.0 = Debug|Any CPU
		{31795C54-28FA-4DD6-8036-7AA49EDDA482}.Release|Any CPU.ActiveCfg = Release|Any CPU
		{31795C54-28FA-4DD6-8036-7AA49EDDA482}.Release|Any CPU.Build.0 = Release|Any CPU
	EndGlobalSection
	GlobalSection(SolutionProperties) = preSolution
		HideSolutionNode = FALSE
	EndGlobalSection
EndGlobal
