
Microsoft Visual Studio Solution File, Format Version 12.00
# Visual Studio Version 17
VisualStudioVersion = 17.2.32210.308
MinimumVisualStudioVersion = 10.0.40219.1
Project("{9A19103F-16F7-4668-BE54-9A1E7A4F7556}") = "AbominationInterop", "AbominationInterop\AbominationInterop.csproj", "{83325C88-4AC2-41BB-8FF4-BBE4E01F4A49}"
EndProject
Project("{9A19103F-16F7-4668-BE54-9A1E7A4F7556}") = "HeadlessTests24", "HeadlessTests24\HeadlessTests24.csproj", "{77EA607E-1AFD-43D9-A198-1B7C31C47BB3}"
EndProject
Project("{9A19103F-16F7-4668-BE54-9A1E7A4F7556}") = "BepuPhysics", "..\..\..\bepuphysics2\BepuPhysics\BepuPhysics.csproj", "{CC14D1C3-44D6-4153-A8D8-E6B78BA6F227}"
EndProject
Project("{9A19103F-16F7-4668-BE54-9A1E7A4F7556}") = "BepuUtilities", "..\..\..\bepuphysics2\BepuUtilities\BepuUtilities.csproj", "{8D3A8999-2ACD-4A6D-8B5D-7C7513C55336}"
EndProject
Project("{2150E333-8FDC-42A3-9474-1A3956D46DE8}") = "Native", "Native", "{BD6063F3-53E5-481E-9B4C-F641A1140078}"
EndProject
Project("{9A19103F-16F7-4668-BE54-9A1E7A4F7556}") = "APIGenerator", "APIGenerator\APIGenerator.csproj", "{86BE0C82-A692-4C75-AA1D-535E9C4B795C}"
EndProject
Project("{9A19103F-16F7-4668-BE54-9A1E7A4F7556}") = "GeneratorTests", "GeneratorTests\GeneratorTests.csproj", "{1D1A03F3-697D-47BB-BA6C-6E44BD832BE1}"
EndProject
Project("{8BC9CEB8-8B4A-11D0-8D11-00A0C91BC942}") = "BepuPhysicsCPP", "BepuPhysicsCPP\BepuPhysicsCPP.vcxproj", "{CD5D96EF-4C93-4D77-90D6-04A9FFCFAD40}"
	ProjectSection(ProjectDependencies) = postProject
		{83325C88-4AC2-41BB-8FF4-BBE4E01F4A49} = {83325C88-4AC2-41BB-8FF4-BBE4E01F4A49}
	EndProjectSection
EndProject
Global
	GlobalSection(SolutionConfigurationPlatforms) = preSolution
		Debug|Any CPU = Debug|Any CPU
		Debug|x64 = Debug|x64
		Debug|x86 = Debug|x86
		Release|Any CPU = Release|Any CPU
		Release|x64 = Release|x64
		Release|x86 = Release|x86
		ReleaseNoProfiling|Any CPU = ReleaseNoProfiling|Any CPU
		ReleaseNoProfiling|x64 = ReleaseNoProfiling|x64
		ReleaseNoProfiling|x86 = ReleaseNoProfiling|x86
	EndGlobalSection
	GlobalSection(ProjectConfigurationPlatforms) = postSolution
		{83325C88-4AC2-41BB-8FF4-BBE4E01F4A49}.Debug|Any CPU.ActiveCfg = Debug|Any CPU
		{83325C88-4AC2-41BB-8FF4-BBE4E01F4A49}.Debug|Any CPU.Build.0 = Debug|Any CPU
		{83325C88-4AC2-41BB-8FF4-BBE4E01F4A49}.Debug|x64.ActiveCfg = Debug|Any CPU
		{83325C88-4AC2-41BB-8FF4-BBE4E01F4A49}.Debug|x64.Build.0 = Debug|Any CPU
		{83325C88-4AC2-41BB-8FF4-BBE4E01F4A49}.Debug|x86.ActiveCfg = Debug|Any CPU
		{83325C88-4AC2-41BB-8FF4-BBE4E01F4A49}.Debug|x86.Build.0 = Debug|Any CPU
		{83325C88-4AC2-41BB-8FF4-BBE4E01F4A49}.Release|Any CPU.ActiveCfg = Release|Any CPU
		{83325C88-4AC2-41BB-8FF4-BBE4E01F4A49}.Release|Any CPU.Build.0 = Release|Any CPU
		{83325C88-4AC2-41BB-8FF4-BBE4E01F4A49}.Release|x64.ActiveCfg = Release|Any CPU
		{83325C88-4AC2-41BB-8FF4-BBE4E01F4A49}.Release|x64.Build.0 = Release|Any CPU
		{83325C88-4AC2-41BB-8FF4-BBE4E01F4A49}.Release|x86.ActiveCfg = Release|Any CPU
		{83325C88-4AC2-41BB-8FF4-BBE4E01F4A49}.Release|x86.Build.0 = Release|Any CPU
		{83325C88-4AC2-41BB-8FF4-BBE4E01F4A49}.ReleaseNoProfiling|Any CPU.ActiveCfg = Release|Any CPU
		{83325C88-4AC2-41BB-8FF4-BBE4E01F4A49}.ReleaseNoProfiling|Any CPU.Build.0 = Release|Any CPU
		{83325C88-4AC2-41BB-8FF4-BBE4E01F4A49}.ReleaseNoProfiling|x64.ActiveCfg = Release|Any CPU
		{83325C88-4AC2-41BB-8FF4-BBE4E01F4A49}.ReleaseNoProfiling|x64.Build.0 = Release|Any CPU
		{83325C88-4AC2-41BB-8FF4-BBE4E01F4A49}.ReleaseNoProfiling|x86.ActiveCfg = Release|Any CPU
		{83325C88-4AC2-41BB-8FF4-BBE4E01F4A49}.ReleaseNoProfiling|x86.Build.0 = Release|Any CPU
		{77EA607E-1AFD-43D9-A198-1B7C31C47BB3}.Debug|Any CPU.ActiveCfg = Debug|Any CPU
		{77EA607E-1AFD-43D9-A198-1B7C31C47BB3}.Debug|Any CPU.Build.0 = Debug|Any CPU
		{77EA607E-1AFD-43D9-A198-1B7C31C47BB3}.Debug|x64.ActiveCfg = Debug|Any CPU
		{77EA607E-1AFD-43D9-A198-1B7C31C47BB3}.Debug|x64.Build.0 = Debug|Any CPU
		{77EA607E-1AFD-43D9-A198-1B7C31C47BB3}.Debug|x86.ActiveCfg = Debug|Any CPU
		{77EA607E-1AFD-43D9-A198-1B7C31C47BB3}.Debug|x86.Build.0 = Debug|Any CPU
		{77EA607E-1AFD-43D9-A198-1B7C31C47BB3}.Release|Any CPU.ActiveCfg = Release|Any CPU
		{77EA607E-1AFD-43D9-A198-1B7C31C47BB3}.Release|Any CPU.Build.0 = Release|Any CPU
		{77EA607E-1AFD-43D9-A198-1B7C31C47BB3}.Release|x64.ActiveCfg = Release|Any CPU
		{77EA607E-1AFD-43D9-A198-1B7C31C47BB3}.Release|x64.Build.0 = Release|Any CPU
		{77EA607E-1AFD-43D9-A198-1B7C31C47BB3}.Release|x86.ActiveCfg = Release|Any CPU
		{77EA607E-1AFD-43D9-A198-1B7C31C47BB3}.Release|x86.Build.0 = Release|Any CPU
		{77EA607E-1AFD-43D9-A198-1B7C31C47BB3}.ReleaseNoProfiling|Any CPU.ActiveCfg = Release|Any CPU
		{77EA607E-1AFD-43D9-A198-1B7C31C47BB3}.ReleaseNoProfiling|Any CPU.Build.0 = Release|Any CPU
		{77EA607E-1AFD-43D9-A198-1B7C31C47BB3}.ReleaseNoProfiling|x64.ActiveCfg = Release|Any CPU
		{77EA607E-1AFD-43D9-A198-1B7C31C47BB3}.ReleaseNoProfiling|x64.Build.0 = Release|Any CPU
		{77EA607E-1AFD-43D9-A198-1B7C31C47BB3}.ReleaseNoProfiling|x86.ActiveCfg = Release|Any CPU
		{77EA607E-1AFD-43D9-A198-1B7C31C47BB3}.ReleaseNoProfiling|x86.Build.0 = Release|Any CPU
		{CC14D1C3-44D6-4153-A8D8-E6B78BA6F227}.Debug|Any CPU.ActiveCfg = Debug|Any CPU
		{CC14D1C3-44D6-4153-A8D8-E6B78BA6F227}.Debug|Any CPU.Build.0 = Debug|Any CPU
		{CC14D1C3-44D6-4153-A8D8-E6B78BA6F227}.Debug|x64.ActiveCfg = Debug|Any CPU
		{CC14D1C3-44D6-4153-A8D8-E6B78BA6F227}.Debug|x64.Build.0 = Debug|Any CPU
		{CC14D1C3-44D6-4153-A8D8-E6B78BA6F227}.Debug|x86.ActiveCfg = Debug|Any CPU
		{CC14D1C3-44D6-4153-A8D8-E6B78BA6F227}.Debug|x86.Build.0 = Debug|Any CPU
		{CC14D1C3-44D6-4153-A8D8-E6B78BA6F227}.Release|Any CPU.ActiveCfg = Release|Any CPU
		{CC14D1C3-44D6-4153-A8D8-E6B78BA6F227}.Release|Any CPU.Build.0 = Release|Any CPU
		{CC14D1C3-44D6-4153-A8D8-E6B78BA6F227}.Release|x64.ActiveCfg = Release|Any CPU
		{CC14D1C3-44D6-4153-A8D8-E6B78BA6F227}.Release|x64.Build.0 = Release|Any CPU
		{CC14D1C3-44D6-4153-A8D8-E6B78BA6F227}.Release|x86.ActiveCfg = Release|Any CPU
		{CC14D1C3-44D6-4153-A8D8-E6B78BA6F227}.Release|x86.Build.0 = Release|Any CPU
		{CC14D1C3-44D6-4153-A8D8-E6B78BA6F227}.ReleaseNoProfiling|Any CPU.ActiveCfg = ReleaseNoProfiling|Any CPU
		{CC14D1C3-44D6-4153-A8D8-E6B78BA6F227}.ReleaseNoProfiling|Any CPU.Build.0 = ReleaseNoProfiling|Any CPU
		{CC14D1C3-44D6-4153-A8D8-E6B78BA6F227}.ReleaseNoProfiling|x64.ActiveCfg = ReleaseNoProfiling|Any CPU
		{CC14D1C3-44D6-4153-A8D8-E6B78BA6F227}.ReleaseNoProfiling|x64.Build.0 = ReleaseNoProfiling|Any CPU
		{CC14D1C3-44D6-4153-A8D8-E6B78BA6F227}.ReleaseNoProfiling|x86.ActiveCfg = ReleaseNoProfiling|Any CPU
		{CC14D1C3-44D6-4153-A8D8-E6B78BA6F227}.ReleaseNoProfiling|x86.Build.0 = ReleaseNoProfiling|Any CPU
		{8D3A8999-2ACD-4A6D-8B5D-7C7513C55336}.Debug|Any CPU.ActiveCfg = Debug|Any CPU
		{8D3A8999-2ACD-4A6D-8B5D-7C7513C55336}.Debug|Any CPU.Build.0 = Debug|Any CPU
		{8D3A8999-2ACD-4A6D-8B5D-7C7513C55336}.Debug|x64.ActiveCfg = Debug|Any CPU
		{8D3A8999-2ACD-4A6D-8B5D-7C7513C55336}.Debug|x64.Build.0 = Debug|Any CPU
		{8D3A8999-2ACD-4A6D-8B5D-7C7513C55336}.Debug|x86.ActiveCfg = Debug|Any CPU
		{8D3A8999-2ACD-4A6D-8B5D-7C7513C55336}.Debug|x86.Build.0 = Debug|Any CPU
		{8D3A8999-2ACD-4A6D-8B5D-7C7513C55336}.Release|Any CPU.ActiveCfg = Release|Any CPU
		{8D3A8999-2ACD-4A6D-8B5D-7C7513C55336}.Release|Any CPU.Build.0 = Release|Any CPU
		{8D3A8999-2ACD-4A6D-8B5D-7C7513C55336}.Release|x64.ActiveCfg = Release|Any CPU
		{8D3A8999-2ACD-4A6D-8B5D-7C7513C55336}.Release|x64.Build.0 = Release|Any CPU
		{8D3A8999-2ACD-4A6D-8B5D-7C7513C55336}.Release|x86.ActiveCfg = Release|Any CPU
		{8D3A8999-2ACD-4A6D-8B5D-7C7513C55336}.Release|x86.Build.0 = Release|Any CPU
		{8D3A8999-2ACD-4A6D-8B5D-7C7513C55336}.ReleaseNoProfiling|Any CPU.ActiveCfg = Release|Any CPU
		{8D3A8999-2ACD-4A6D-8B5D-7C7513C55336}.ReleaseNoProfiling|Any CPU.Build.0 = Release|Any CPU
		{8D3A8999-2ACD-4A6D-8B5D-7C7513C55336}.ReleaseNoProfiling|x64.ActiveCfg = Release|Any CPU
		{8D3A8999-2ACD-4A6D-8B5D-7C7513C55336}.ReleaseNoProfiling|x64.Build.0 = Release|Any CPU
		{8D3A8999-2ACD-4A6D-8B5D-7C7513C55336}.ReleaseNoProfiling|x86.ActiveCfg = Release|Any CPU
		{8D3A8999-2ACD-4A6D-8B5D-7C7513C55336}.ReleaseNoProfiling|x86.Build.0 = Release|Any CPU
		{86BE0C82-A692-4C75-AA1D-535E9C4B795C}.Debug|Any CPU.ActiveCfg = Debug|Any CPU
		{86BE0C82-A692-4C75-AA1D-535E9C4B795C}.Debug|Any CPU.Build.0 = Debug|Any CPU
		{86BE0C82-A692-4C75-AA1D-535E9C4B795C}.Debug|x64.ActiveCfg = Debug|Any CPU
		{86BE0C82-A692-4C75-AA1D-535E9C4B795C}.Debug|x64.Build.0 = Debug|Any CPU
		{86BE0C82-A692-4C75-AA1D-535E9C4B795C}.Debug|x86.ActiveCfg = Debug|Any CPU
		{86BE0C82-A692-4C75-AA1D-535E9C4B795C}.Debug|x86.Build.0 = Debug|Any CPU
		{86BE0C82-A692-4C75-AA1D-535E9C4B795C}.Release|Any CPU.ActiveCfg = Release|Any CPU
		{86BE0C82-A692-4C75-AA1D-535E9C4B795C}.Release|Any CPU.Build.0 = Release|Any CPU
		{86BE0C82-A692-4C75-AA1D-535E9C4B795C}.Release|x64.ActiveCfg = Release|Any CPU
		{86BE0C82-A692-4C75-AA1D-535E9C4B795C}.Release|x64.Build.0 = Release|Any CPU
		{86BE0C82-A692-4C75-AA1D-535E9C4B795C}.Release|x86.ActiveCfg = Release|Any CPU
		{86BE0C82-A692-4C75-AA1D-535E9C4B795C}.Release|x86.Build.0 = Release|Any CPU
		{86BE0C82-A692-4C75-AA1D-535E9C4B795C}.ReleaseNoProfiling|Any CPU.ActiveCfg = Release|Any CPU
		{86BE0C82-A692-4C75-AA1D-535E9C4B795C}.ReleaseNoProfiling|Any CPU.Build.0 = Release|Any CPU
		{86BE0C82-A692-4C75-AA1D-535E9C4B795C}.ReleaseNoProfiling|x64.ActiveCfg = Release|Any CPU
		{86BE0C82-A692-4C75-AA1D-535E9C4B795C}.ReleaseNoProfiling|x64.Build.0 = Release|Any CPU
		{86BE0C82-A692-4C75-AA1D-535E9C4B795C}.ReleaseNoProfiling|x86.ActiveCfg = Release|Any CPU
		{86BE0C82-A692-4C75-AA1D-535E9C4B795C}.ReleaseNoProfiling|x86.Build.0 = Release|Any CPU
		{1D1A03F3-697D-47BB-BA6C-6E44BD832BE1}.Debug|Any CPU.ActiveCfg = Debug|Any CPU
		{1D1A03F3-697D-47BB-BA6C-6E44BD832BE1}.Debug|Any CPU.Build.0 = Debug|Any CPU
		{1D1A03F3-697D-47BB-BA6C-6E44BD832BE1}.Debug|x64.ActiveCfg = Debug|Any CPU
		{1D1A03F3-697D-47BB-BA6C-6E44BD832BE1}.Debug|x64.Build.0 = Debug|Any CPU
		{1D1A03F3-697D-47BB-BA6C-6E44BD832BE1}.Debug|x86.ActiveCfg = Debug|Any CPU
		{1D1A03F3-697D-47BB-BA6C-6E44BD832BE1}.Debug|x86.Build.0 = Debug|Any CPU
		{1D1A03F3-697D-47BB-BA6C-6E44BD832BE1}.Release|Any CPU.ActiveCfg = Release|Any CPU
		{1D1A03F3-697D-47BB-BA6C-6E44BD832BE1}.Release|Any CPU.Build.0 = Release|Any CPU
		{1D1A03F3-697D-47BB-BA6C-6E44BD832BE1}.Release|x64.ActiveCfg = Release|Any CPU
		{1D1A03F3-697D-47BB-BA6C-6E44BD832BE1}.Release|x64.Build.0 = Release|Any CPU
		{1D1A03F3-697D-47BB-BA6C-6E44BD832BE1}.Release|x86.ActiveCfg = Release|Any CPU
		{1D1A03F3-697D-47BB-BA6C-6E44BD832BE1}.Release|x86.Build.0 = Release|Any CPU
		{1D1A03F3-697D-47BB-BA6C-6E44BD832BE1}.ReleaseNoProfiling|Any CPU.ActiveCfg = Release|Any CPU
		{1D1A03F3-697D-47BB-BA6C-6E44BD832BE1}.ReleaseNoProfiling|Any CPU.Build.0 = Release|Any CPU
		{1D1A03F3-697D-47BB-BA6C-6E44BD832BE1}.ReleaseNoProfiling|x64.ActiveCfg = Release|Any CPU
		{1D1A03F3-697D-47BB-BA6C-6E44BD832BE1}.ReleaseNoProfiling|x64.Build.0 = Release|Any CPU
		{1D1A03F3-697D-47BB-BA6C-6E44BD832BE1}.ReleaseNoProfiling|x86.ActiveCfg = Release|Any CPU
		{1D1A03F3-697D-47BB-BA6C-6E44BD832BE1}.ReleaseNoProfiling|x86.Build.0 = Release|Any CPU
		{CD5D96EF-4C93-4D77-90D6-04A9FFCFAD40}.Debug|Any CPU.ActiveCfg = Debug|x64
		{CD5D96EF-4C93-4D77-90D6-04A9FFCFAD40}.Debug|Any CPU.Build.0 = Debug|x64
		{CD5D96EF-4C93-4D77-90D6-04A9FFCFAD40}.Debug|x64.ActiveCfg = Debug|x64
		{CD5D96EF-4C93-4D77-90D6-04A9FFCFAD40}.Debug|x64.Build.0 = Debug|x64
		{CD5D96EF-4C93-4D77-90D6-04A9FFCFAD40}.Debug|x86.ActiveCfg = Debug|Win32
		{CD5D96EF-4C93-4D77-90D6-04A9FFCFAD40}.Debug|x86.Build.0 = Debug|Win32
		{CD5D96EF-4C93-4D77-90D6-04A9FFCFAD40}.Release|Any CPU.ActiveCfg = Release|x64
		{CD5D96EF-4C93-4D77-90D6-04A9FFCFAD40}.Release|Any CPU.Build.0 = Release|x64
		{CD5D96EF-4C93-4D77-90D6-04A9FFCFAD40}.Release|x64.ActiveCfg = Release|x64
		{CD5D96EF-4C93-4D77-90D6-04A9FFCFAD40}.Release|x64.Build.0 = Release|x64
		{CD5D96EF-4C93-4D77-90D6-04A9FFCFAD40}.Release|x86.ActiveCfg = Release|Win32
		{CD5D96EF-4C93-4D77-90D6-04A9FFCFAD40}.Release|x86.Build.0 = Release|Win32
		{CD5D96EF-4C93-4D77-90D6-04A9FFCFAD40}.ReleaseNoProfiling|Any CPU.ActiveCfg = Release|x64
		{CD5D96EF-4C93-4D77-90D6-04A9FFCFAD40}.ReleaseNoProfiling|Any CPU.Build.0 = Release|x64
		{CD5D96EF-4C93-4D77-90D6-04A9FFCFAD40}.ReleaseNoProfiling|x64.ActiveCfg = Release|x64
		{CD5D96EF-4C93-4D77-90D6-04A9FFCFAD40}.ReleaseNoProfiling|x64.Build.0 = Release|x64
		{CD5D96EF-4C93-4D77-90D6-04A9FFCFAD40}.ReleaseNoProfiling|x86.ActiveCfg = Release|Win32
		{CD5D96EF-4C93-4D77-90D6-04A9FFCFAD40}.ReleaseNoProfiling|x86.Build.0 = Release|Win32
	EndGlobalSection
	GlobalSection(SolutionProperties) = preSolution
		HideSolutionNode = FALSE
	EndGlobalSection
	GlobalSection(NestedProjects) = preSolution
		{CD5D96EF-4C93-4D77-90D6-04A9FFCFAD40} = {BD6063F3-53E5-481E-9B4C-F641A1140078}
	EndGlobalSection
	GlobalSection(ExtensibilityGlobals) = postSolution
		SolutionGuid = {BB4B8417-65B1-42A6-8D9E-66F42C90207F}
	EndGlobalSection
EndGlobal
